
Microsoft Visual Studio Solution File, Format Version 12.00
# Visual Studio Version 17
VisualStudioVersion = 17.0.31903.59
MinimumVisualStudioVersion = 10.0.40219.1
Project("{FAE04EC0-301F-11D3-BF4B-00C04F79EFBC}") = "TCD0302API", "TCD0302API\TCD0302API.csproj", "{BF919D98-4F34-4C2A-941D-E4E88DF48E43}"
EndProject
Global
	GlobalSection(SolutionConfigurationPlatforms) = preSolution
		Debug|Any CPU = Debug|Any CPU
		Release|Any CPU = Release|Any CPU
	EndGlobalSection
	GlobalSection(ProjectConfigurationPlatforms) = postSolution
		{BF919D98-4F34-4C2A-941D-E4E88DF48E43}.Debug|Any CPU.ActiveCfg = Debug|Any CPU
		{BF919D98-4F34-4C2A-941D-E4E88DF48E43}.Debug|Any CPU.Build.0 = Debug|Any CPU
		{BF919D98-4F34-4C2A-941D-E4E88DF48E43}.Release|Any CPU.ActiveCfg = Release|Any CPU
		{BF919D98-4F34-4C2A-941D-E4E88DF48E43}.Release|Any CPU.Build.0 = Release|Any CPU
	EndGlobalSection
	GlobalSection(SolutionProperties) = preSolution
		HideSolutionNode = FALSE
	EndGlobalSection
	GlobalSection(ExtensibilityGlobals) = postSolution
		SolutionGuid = {0C9371C6-28B6-471D-8913-7116E4B55C21}
	EndGlobalSection
EndGlobal
